
Microsoft Visual Studio Solution File, Format Version 12.00
# Visual Studio Version 17
VisualStudioVersion = 17.0.31903.59
MinimumVisualStudioVersion = 10.0.40219.1
Project("{9A19103F-16F7-4668-BE54-9A1E7A4F7556}") = "API", "API\API.csproj", "{DBA43057-EB67-4D90-8FA9-B4DA7426C691}"
EndProject
Project("{9A19103F-16F7-4668-BE54-9A1E7A4F7556}") = "Application", "Application\Application.csproj", "{8DB38354-9544-4342-99C1-CEA9D8086602}"
EndProject
Project("{9A19103F-16F7-4668-BE54-9A1E7A4F7556}") = "Domain", "Domain\Domain.csproj", "{2EE15B9F-0181-43EA-AB14-97110580BDA1}"
EndProject
Project("{9A19103F-16F7-4668-BE54-9A1E7A4F7556}") = "Persistence", "Persistence\Persistence.csproj", "{1CD83572-556F-4F92-B307-7A2E6847746C}"
EndProject
Project("{2150E333-8FDC-42A3-9474-1A3956D46DE8}") = "Solution Items", "Solution Items", "{B885E991-1BB0-4530-BD36-B0AF8E7A817F}"
	ProjectSection(SolutionItems) = preProject
		.gitignore = .gitignore
	EndProjectSection
EndProject
Project("{FAE04EC0-301F-11D3-BF4B-00C04F79EFBC}") = "Infrastructure", "Infrastructure\Infrastructure.csproj", "{F3AEC538-A0A3-4D6B-8640-D8454AAE214F}"
EndProject
Global
	GlobalSection(SolutionConfigurationPlatforms) = preSolution
		Debug|Any CPU = Debug|Any CPU
		Release|Any CPU = Release|Any CPU
	EndGlobalSection
	GlobalSection(ProjectConfigurationPlatforms) = postSolution
		{DBA43057-EB67-4D90-8FA9-B4DA7426C691}.Debug|Any CPU.ActiveCfg = Debug|Any CPU
		{DBA43057-EB67-4D90-8FA9-B4DA7426C691}.Debug|Any CPU.Build.0 = Debug|Any CPU
		{DBA43057-EB67-4D90-8FA9-B4DA7426C691}.Release|Any CPU.ActiveCfg = Release|Any CPU
		{DBA43057-EB67-4D90-8FA9-B4DA7426C691}.Release|Any CPU.Build.0 = Release|Any CPU
		{8DB38354-9544-4342-99C1-CEA9D8086602}.Debug|Any CPU.ActiveCfg = Debug|Any CPU
		{8DB38354-9544-4342-99C1-CEA9D8086602}.Debug|Any CPU.Build.0 = Debug|Any CPU
		{8DB38354-9544-4342-99C1-CEA9D8086602}.Release|Any CPU.ActiveCfg = Release|Any CPU
		{8DB38354-9544-4342-99C1-CEA9D8086602}.Release|Any CPU.Build.0 = Release|Any CPU
		{2EE15B9F-0181-43EA-AB14-97110580BDA1}.Debug|Any CPU.ActiveCfg = Debug|Any CPU
		{2EE15B9F-0181-43EA-AB14-97110580BDA1}.Debug|Any CPU.Build.0 = Debug|Any CPU
		{2EE15B9F-0181-43EA-AB14-97110580BDA1}.Release|Any CPU.ActiveCfg = Release|Any CPU
		{2EE15B9F-0181-43EA-AB14-97110580BDA1}.Release|Any CPU.Build.0 = Release|Any CPU
		{1CD83572-556F-4F92-B307-7A2E6847746C}.Debug|Any CPU.ActiveCfg = Debug|Any CPU
		{1CD83572-556F-4F92-B307-7A2E6847746C}.Debug|Any CPU.Build.0 = Debug|Any CPU
		{1CD83572-556F-4F92-B307-7A2E6847746C}.Release|Any CPU.ActiveCfg = Release|Any CPU
		{1CD83572-556F-4F92-B307-7A2E6847746C}.Release|Any CPU.Build.0 = Release|Any CPU
		{F3AEC538-A0A3-4D6B-8640-D8454AAE214F}.Debug|Any CPU.ActiveCfg = Debug|Any CPU
		{F3AEC538-A0A3-4D6B-8640-D8454AAE214F}.Debug|Any CPU.Build.0 = Debug|Any CPU
		{F3AEC538-A0A3-4D6B-8640-D8454AAE214F}.Release|Any CPU.ActiveCfg = Release|Any CPU
		{F3AEC538-A0A3-4D6B-8640-D8454AAE214F}.Release|Any CPU.Build.0 = Release|Any CPU
	EndGlobalSection
	GlobalSection(SolutionProperties) = preSolution
		HideSolutionNode = FALSE
	EndGlobalSection
	GlobalSection(ExtensibilityGlobals) = postSolution
		SolutionGuid = {AB6887A5-76AD-49FF-8186-826529FF90AD}
	EndGlobalSection
EndGlobal
